
Microsoft Visual Studio Solution File, Format Version 12.00
# Visual Studio 14
VisualStudioVersion = 14.0.25123.0
MinimumVisualStudioVersion = 10.0.40219.1
Project("{FAE04EC0-301F-11D3-BF4B-00C04F79EFBC}") = "Flowpilots.Wearables", "Flowpilots.Wearables\Flowpilots.Wearables.csproj", "{216026B9-2E19-4F42-B31C-933D540FC9A3}"
EndProject
Project("{FAE04EC0-301F-11D3-BF4B-00C04F79EFBC}") = "Flowpilots.Wearables.Droid", "Flowpilots.Wearables.Droid\Flowpilots.Wearables.Droid.csproj", "{39375A0F-834D-4E7C-9F8E-9A3E5EDD6ECB}"
EndProject
Project("{FAE04EC0-301F-11D3-BF4B-00C04F79EFBC}") = "Flowpilots.Wearables.DroidWear", "Flowpilots.Wearables.DroidWear\Flowpilots.Wearables.DroidWear.csproj", "{505E763B-3574-442A-9FEF-6E3F21AB2013}"
EndProject
Project("{FAE04EC0-301F-11D3-BF4B-00C04F79EFBC}") = "Flowpilots.Wearables.Wp81", "Flowpilots.Wearables.Wp81\Flowpilots.Wearables.Wp81.csproj", "{A2525BA9-1C28-43A7-BFDB-1ED6CB407884}"
EndProject
Project("{FAE04EC0-301F-11D3-BF4B-00C04F79EFBC}") = "Flowpilots.Wearables.Uwp", "Flowpilots.Wearables.Uwp\Flowpilots.Wearables.Uwp.csproj", "{7B88F611-2F05-4D1D-BC70-148C6BCF2C5D}"
EndProject
Global
	GlobalSection(SolutionConfigurationPlatforms) = preSolution
		Ad-Hoc|Any CPU = Ad-Hoc|Any CPU
		Ad-Hoc|ARM = Ad-Hoc|ARM
		Ad-Hoc|iPhone = Ad-Hoc|iPhone
		Ad-Hoc|iPhoneSimulator = Ad-Hoc|iPhoneSimulator
		Ad-Hoc|x64 = Ad-Hoc|x64
		Ad-Hoc|x86 = Ad-Hoc|x86
		AppStore|Any CPU = AppStore|Any CPU
		AppStore|ARM = AppStore|ARM
		AppStore|iPhone = AppStore|iPhone
		AppStore|iPhoneSimulator = AppStore|iPhoneSimulator
		AppStore|x64 = AppStore|x64
		AppStore|x86 = AppStore|x86
		Debug|Any CPU = Debug|Any CPU
		Debug|ARM = Debug|ARM
		Debug|iPhone = Debug|iPhone
		Debug|iPhoneSimulator = Debug|iPhoneSimulator
		Debug|x64 = Debug|x64
		Debug|x86 = Debug|x86
		Release|Any CPU = Release|Any CPU
		Release|ARM = Release|ARM
		Release|iPhone = Release|iPhone
		Release|iPhoneSimulator = Release|iPhoneSimulator
		Release|x64 = Release|x64
		Release|x86 = Release|x86
	EndGlobalSection
	GlobalSection(ProjectConfigurationPlatforms) = postSolution
		{216026B9-2E19-4F42-B31C-933D540FC9A3}.Ad-Hoc|Any CPU.ActiveCfg = Release|Any CPU
		{216026B9-2E19-4F42-B31C-933D540FC9A3}.Ad-Hoc|Any CPU.Build.0 = Release|Any CPU
		{216026B9-2E19-4F42-B31C-933D540FC9A3}.Ad-Hoc|ARM.ActiveCfg = Release|Any CPU
		{216026B9-2E19-4F42-B31C-933D540FC9A3}.Ad-Hoc|ARM.Build.0 = Release|Any CPU
		{216026B9-2E19-4F42-B31C-933D540FC9A3}.Ad-Hoc|iPhone.ActiveCfg = Release|Any CPU
		{216026B9-2E19-4F42-B31C-933D540FC9A3}.Ad-Hoc|iPhone.Build.0 = Release|Any CPU
		{216026B9-2E19-4F42-B31C-933D540FC9A3}.Ad-Hoc|iPhoneSimulator.ActiveCfg = Release|Any CPU
		{216026B9-2E19-4F42-B31C-933D540FC9A3}.Ad-Hoc|iPhoneSimulator.Build.0 = Release|Any CPU
		{216026B9-2E19-4F42-B31C-933D540FC9A3}.Ad-Hoc|x64.ActiveCfg = Release|Any CPU
		{216026B9-2E19-4F42-B31C-933D540FC9A3}.Ad-Hoc|x64.Build.0 = Release|Any CPU
		{216026B9-2E19-4F42-B31C-933D540FC9A3}.Ad-Hoc|x86.ActiveCfg = Release|Any CPU
		{216026B9-2E19-4F42-B31C-933D540FC9A3}.Ad-Hoc|x86.Build.0 = Release|Any CPU
		{216026B9-2E19-4F42-B31C-933D540FC9A3}.AppStore|Any CPU.ActiveCfg = Release|Any CPU
		{216026B9-2E19-4F42-B31C-933D540FC9A3}.AppStore|Any CPU.Build.0 = Release|Any CPU
		{216026B9-2E19-4F42-B31C-933D540FC9A3}.AppStore|ARM.ActiveCfg = Release|Any CPU
		{216026B9-2E19-4F42-B31C-933D540FC9A3}.AppStore|ARM.Build.0 = Release|Any CPU
		{216026B9-2E19-4F42-B31C-933D540FC9A3}.AppStore|iPhone.ActiveCfg = Release|Any CPU
		{216026B9-2E19-4F42-B31C-933D540FC9A3}.AppStore|iPhone.Build.0 = Release|Any CPU
		{216026B9-2E19-4F42-B31C-933D540FC9A3}.AppStore|iPhoneSimulator.ActiveCfg = Release|Any CPU
		{216026B9-2E19-4F42-B31C-933D540FC9A3}.AppStore|iPhoneSimulator.Build.0 = Release|Any CPU
		{216026B9-2E19-4F42-B31C-933D540FC9A3}.AppStore|x64.ActiveCfg = Release|Any CPU
		{216026B9-2E19-4F42-B31C-933D540FC9A3}.AppStore|x64.Build.0 = Release|Any CPU
		{216026B9-2E19-4F42-B31C-933D540FC9A3}.AppStore|x86.ActiveCfg = Release|Any CPU
		{216026B9-2E19-4F42-B31C-933D540FC9A3}.AppStore|x86.Build.0 = Release|Any CPU
		{216026B9-2E19-4F42-B31C-933D540FC9A3}.Debug|Any CPU.ActiveCfg = Debug|Any CPU
		{216026B9-2E19-4F42-B31C-933D540FC9A3}.Debug|Any CPU.Build.0 = Debug|Any CPU
		{216026B9-2E19-4F42-B31C-933D540FC9A3}.Debug|ARM.ActiveCfg = Debug|Any CPU
		{216026B9-2E19-4F42-B31C-933D540FC9A3}.Debug|ARM.Build.0 = Debug|Any CPU
		{216026B9-2E19-4F42-B31C-933D540FC9A3}.Debug|iPhone.ActiveCfg = Debug|Any CPU
		{216026B9-2E19-4F42-B31C-933D540FC9A3}.Debug|iPhone.Build.0 = Debug|Any CPU
		{216026B9-2E19-4F42-B31C-933D540FC9A3}.Debug|iPhoneSimulator.ActiveCfg = Debug|Any CPU
		{216026B9-2E19-4F42-B31C-933D540FC9A3}.Debug|iPhoneSimulator.Build.0 = Debug|Any CPU
		{216026B9-2E19-4F42-B31C-933D540FC9A3}.Debug|x64.ActiveCfg = Debug|Any CPU
		{216026B9-2E19-4F42-B31C-933D540FC9A3}.Debug|x64.Build.0 = Debug|Any CPU
		{216026B9-2E19-4F42-B31C-933D540FC9A3}.Debug|x86.ActiveCfg = Debug|Any CPU
		{216026B9-2E19-4F42-B31C-933D540FC9A3}.Debug|x86.Build.0 = Debug|Any CPU
		{216026B9-2E19-4F42-B31C-933D540FC9A3}.Release|Any CPU.ActiveCfg = Release|Any CPU
		{216026B9-2E19-4F42-B31C-933D540FC9A3}.Release|Any CPU.Build.0 = Release|Any CPU
		{216026B9-2E19-4F42-B31C-933D540FC9A3}.Release|ARM.ActiveCfg = Release|Any CPU
		{216026B9-2E19-4F42-B31C-933D540FC9A3}.Release|ARM.Build.0 = Release|Any CPU
		{216026B9-2E19-4F42-B31C-933D540FC9A3}.Release|iPhone.ActiveCfg = Release|Any CPU
		{216026B9-2E19-4F42-B31C-933D540FC9A3}.Release|iPhone.Build.0 = Release|Any CPU
		{216026B9-2E19-4F42-B31C-933D540FC9A3}.Release|iPhoneSimulator.ActiveCfg = Release|Any CPU
		{216026B9-2E19-4F42-B31C-933D540FC9A3}.Release|iPhoneSimulator.Build.0 = Release|Any CPU
		{216026B9-2E19-4F42-B31C-933D540FC9A3}.Release|x64.ActiveCfg = Release|Any CPU
		{216026B9-2E19-4F42-B31C-933D540FC9A3}.Release|x64.Build.0 = Release|Any CPU
		{216026B9-2E19-4F42-B31C-933D540FC9A3}.Release|x86.ActiveCfg = Release|Any CPU
		{216026B9-2E19-4F42-B31C-933D540FC9A3}.Release|x86.Build.0 = Release|Any CPU
		{39375A0F-834D-4E7C-9F8E-9A3E5EDD6ECB}.Ad-Hoc|Any CPU.ActiveCfg = Release|Any CPU
		{39375A0F-834D-4E7C-9F8E-9A3E5EDD6ECB}.Ad-Hoc|Any CPU.Build.0 = Release|Any CPU
		{39375A0F-834D-4E7C-9F8E-9A3E5EDD6ECB}.Ad-Hoc|Any CPU.Deploy.0 = Release|Any CPU
		{39375A0F-834D-4E7C-9F8E-9A3E5EDD6ECB}.Ad-Hoc|ARM.ActiveCfg = Release|Any CPU
		{39375A0F-834D-4E7C-9F8E-9A3E5EDD6ECB}.Ad-Hoc|ARM.Build.0 = Release|Any CPU
		{39375A0F-834D-4E7C-9F8E-9A3E5EDD6ECB}.Ad-Hoc|ARM.Deploy.0 = Release|Any CPU
		{39375A0F-834D-4E7C-9F8E-9A3E5EDD6ECB}.Ad-Hoc|iPhone.ActiveCfg = Release|Any CPU
		{39375A0F-834D-4E7C-9F8E-9A3E5EDD6ECB}.Ad-Hoc|iPhone.Build.0 = Release|Any CPU
		{39375A0F-834D-4E7C-9F8E-9A3E5EDD6ECB}.Ad-Hoc|iPhone.Deploy.0 = Release|Any CPU
		{39375A0F-834D-4E7C-9F8E-9A3E5EDD6ECB}.Ad-Hoc|iPhoneSimulator.ActiveCfg = Release|Any CPU
		{39375A0F-834D-4E7C-9F8E-9A3E5EDD6ECB}.Ad-Hoc|iPhoneSimulator.Build.0 = Release|Any CPU
		{39375A0F-834D-4E7C-9F8E-9A3E5EDD6ECB}.Ad-Hoc|iPhoneSimulator.Deploy.0 = Release|Any CPU
		{39375A0F-834D-4E7C-9F8E-9A3E5EDD6ECB}.Ad-Hoc|x64.ActiveCfg = Release|Any CPU
		{39375A0F-834D-4E7C-9F8E-9A3E5EDD6ECB}.Ad-Hoc|x64.Build.0 = Release|Any CPU
		{39375A0F-834D-4E7C-9F8E-9A3E5EDD6ECB}.Ad-Hoc|x64.Deploy.0 = Release|Any CPU
		{39375A0F-834D-4E7C-9F8E-9A3E5EDD6ECB}.Ad-Hoc|x86.ActiveCfg = Release|Any CPU
		{39375A0F-834D-4E7C-9F8E-9A3E5EDD6ECB}.Ad-Hoc|x86.Build.0 = Release|Any CPU
		{39375A0F-834D-4E7C-9F8E-9A3E5EDD6ECB}.Ad-Hoc|x86.Deploy.0 = Release|Any CPU
		{39375A0F-834D-4E7C-9F8E-9A3E5EDD6ECB}.AppStore|Any CPU.ActiveCfg = Release|Any CPU
		{39375A0F-834D-4E7C-9F8E-9A3E5EDD6ECB}.AppStore|Any CPU.Build.0 = Release|Any CPU
		{39375A0F-834D-4E7C-9F8E-9A3E5EDD6ECB}.AppStore|Any CPU.Deploy.0 = Release|Any CPU
		{39375A0F-834D-4E7C-9F8E-9A3E5EDD6ECB}.AppStore|ARM.ActiveCfg = Release|Any CPU
		{39375A0F-834D-4E7C-9F8E-9A3E5EDD6ECB}.AppStore|ARM.Build.0 = Release|Any CPU
		{39375A0F-834D-4E7C-9F8E-9A3E5EDD6ECB}.AppStore|ARM.Deploy.0 = Release|Any CPU
		{39375A0F-834D-4E7C-9F8E-9A3E5EDD6ECB}.AppStore|iPhone.ActiveCfg = Release|Any CPU
		{39375A0F-834D-4E7C-9F8E-9A3E5EDD6ECB}.AppStore|iPhone.Build.0 = Release|Any CPU
		{39375A0F-834D-4E7C-9F8E-9A3E5EDD6ECB}.AppStore|iPhone.Deploy.0 = Release|Any CPU
		{39375A0F-834D-4E7C-9F8E-9A3E5EDD6ECB}.AppStore|iPhoneSimulator.ActiveCfg = Release|Any CPU
		{39375A0F-834D-4E7C-9F8E-9A3E5EDD6ECB}.AppStore|iPhoneSimulator.Build.0 = Release|Any CPU
		{39375A0F-834D-4E7C-9F8E-9A3E5EDD6ECB}.AppStore|iPhoneSimulator.Deploy.0 = Release|Any CPU
		{39375A0F-834D-4E7C-9F8E-9A3E5EDD6ECB}.AppStore|x64.ActiveCfg = Release|Any CPU
		{39375A0F-834D-4E7C-9F8E-9A3E5EDD6ECB}.AppStore|x64.Build.0 = Release|Any CPU
		{39375A0F-834D-4E7C-9F8E-9A3E5EDD6ECB}.AppStore|x64.Deploy.0 = Release|Any CPU
		{39375A0F-834D-4E7C-9F8E-9A3E5EDD6ECB}.AppStore|x86.ActiveCfg = Release|Any CPU
		{39375A0F-834D-4E7C-9F8E-9A3E5EDD6ECB}.AppStore|x86.Build.0 = Release|Any CPU
		{39375A0F-834D-4E7C-9F8E-9A3E5EDD6ECB}.AppStore|x86.Deploy.0 = Release|Any CPU
		{39375A0F-834D-4E7C-9F8E-9A3E5EDD6ECB}.Debug|Any CPU.ActiveCfg = Debug|Any CPU
		{39375A0F-834D-4E7C-9F8E-9A3E5EDD6ECB}.Debug|Any CPU.Build.0 = Debug|Any CPU
		{39375A0F-834D-4E7C-9F8E-9A3E5EDD6ECB}.Debug|Any CPU.Deploy.0 = Debug|Any CPU
		{39375A0F-834D-4E7C-9F8E-9A3E5EDD6ECB}.Debug|ARM.ActiveCfg = Debug|Any CPU
		{39375A0F-834D-4E7C-9F8E-9A3E5EDD6ECB}.Debug|ARM.Build.0 = Debug|Any CPU
		{39375A0F-834D-4E7C-9F8E-9A3E5EDD6ECB}.Debug|ARM.Deploy.0 = Debug|Any CPU
		{39375A0F-834D-4E7C-9F8E-9A3E5EDD6ECB}.Debug|iPhone.ActiveCfg = Debug|Any CPU
		{39375A0F-834D-4E7C-9F8E-9A3E5EDD6ECB}.Debug|iPhone.Build.0 = Debug|Any CPU
		{39375A0F-834D-4E7C-9F8E-9A3E5EDD6ECB}.Debug|iPhone.Deploy.0 = Debug|Any CPU
		{39375A0F-834D-4E7C-9F8E-9A3E5EDD6ECB}.Debug|iPhoneSimulator.ActiveCfg = Debug|Any CPU
		{39375A0F-834D-4E7C-9F8E-9A3E5EDD6ECB}.Debug|iPhoneSimulator.Build.0 = Debug|Any CPU
		{39375A0F-834D-4E7C-9F8E-9A3E5EDD6ECB}.Debug|iPhoneSimulator.Deploy.0 = Debug|Any CPU
		{39375A0F-834D-4E7C-9F8E-9A3E5EDD6ECB}.Debug|x64.ActiveCfg = Debug|Any CPU
		{39375A0F-834D-4E7C-9F8E-9A3E5EDD6ECB}.Debug|x64.Build.0 = Debug|Any CPU
		{39375A0F-834D-4E7C-9F8E-9A3E5EDD6ECB}.Debug|x64.Deploy.0 = Debug|Any CPU
		{39375A0F-834D-4E7C-9F8E-9A3E5EDD6ECB}.Debug|x86.ActiveCfg = Debug|Any CPU
		{39375A0F-834D-4E7C-9F8E-9A3E5EDD6ECB}.Debug|x86.Build.0 = Debug|Any CPU
		{39375A0F-834D-4E7C-9F8E-9A3E5EDD6ECB}.Debug|x86.Deploy.0 = Debug|Any CPU
		{39375A0F-834D-4E7C-9F8E-9A3E5EDD6ECB}.Release|Any CPU.ActiveCfg = Release|Any CPU
		{39375A0F-834D-4E7C-9F8E-9A3E5EDD6ECB}.Release|Any CPU.Build.0 = Release|Any CPU
		{39375A0F-834D-4E7C-9F8E-9A3E5EDD6ECB}.Release|Any CPU.Deploy.0 = Release|Any CPU
		{39375A0F-834D-4E7C-9F8E-9A3E5EDD6ECB}.Release|ARM.ActiveCfg = Release|Any CPU
		{39375A0F-834D-4E7C-9F8E-9A3E5EDD6ECB}.Release|ARM.Build.0 = Release|Any CPU
		{39375A0F-834D-4E7C-9F8E-9A3E5EDD6ECB}.Release|ARM.Deploy.0 = Release|Any CPU
		{39375A0F-834D-4E7C-9F8E-9A3E5EDD6ECB}.Release|iPhone.ActiveCfg = Release|Any CPU
		{39375A0F-834D-4E7C-9F8E-9A3E5EDD6ECB}.Release|iPhone.Build.0 = Release|Any CPU
		{39375A0F-834D-4E7C-9F8E-9A3E5EDD6ECB}.Release|iPhone.Deploy.0 = Release|Any CPU
		{39375A0F-834D-4E7C-9F8E-9A3E5EDD6ECB}.Release|iPhoneSimulator.ActiveCfg = Release|Any CPU
		{39375A0F-834D-4E7C-9F8E-9A3E5EDD6ECB}.Release|iPhoneSimulator.Build.0 = Release|Any CPU
		{39375A0F-834D-4E7C-9F8E-9A3E5EDD6ECB}.Release|iPhoneSimulator.Deploy.0 = Release|Any CPU
		{39375A0F-834D-4E7C-9F8E-9A3E5EDD6ECB}.Release|x64.ActiveCfg = Release|Any CPU
		{39375A0F-834D-4E7C-9F8E-9A3E5EDD6ECB}.Release|x64.Build.0 = Release|Any CPU
		{39375A0F-834D-4E7C-9F8E-9A3E5EDD6ECB}.Release|x64.Deploy.0 = Release|Any CPU
		{39375A0F-834D-4E7C-9F8E-9A3E5EDD6ECB}.Release|x86.ActiveCfg = Release|Any CPU
		{39375A0F-834D-4E7C-9F8E-9A3E5EDD6ECB}.Release|x86.Build.0 = Release|Any CPU
		{39375A0F-834D-4E7C-9F8E-9A3E5EDD6ECB}.Release|x86.Deploy.0 = Release|Any CPU
		{505E763B-3574-442A-9FEF-6E3F21AB2013}.Ad-Hoc|Any CPU.ActiveCfg = Release|Any CPU
		{505E763B-3574-442A-9FEF-6E3F21AB2013}.Ad-Hoc|Any CPU.Build.0 = Release|Any CPU
		{505E763B-3574-442A-9FEF-6E3F21AB2013}.Ad-Hoc|Any CPU.Deploy.0 = Release|Any CPU
		{505E763B-3574-442A-9FEF-6E3F21AB2013}.Ad-Hoc|ARM.ActiveCfg = Release|Any CPU
		{505E763B-3574-442A-9FEF-6E3F21AB2013}.Ad-Hoc|ARM.Build.0 = Release|Any CPU
		{505E763B-3574-442A-9FEF-6E3F21AB2013}.Ad-Hoc|ARM.Deploy.0 = Release|Any CPU
		{505E763B-3574-442A-9FEF-6E3F21AB2013}.Ad-Hoc|iPhone.ActiveCfg = Release|Any CPU
		{505E763B-3574-442A-9FEF-6E3F21AB2013}.Ad-Hoc|iPhone.Build.0 = Release|Any CPU
		{505E763B-3574-442A-9FEF-6E3F21AB2013}.Ad-Hoc|iPhone.Deploy.0 = Release|Any CPU
		{505E763B-3574-442A-9FEF-6E3F21AB2013}.Ad-Hoc|iPhoneSimulator.ActiveCfg = Release|Any CPU
		{505E763B-3574-442A-9FEF-6E3F21AB2013}.Ad-Hoc|iPhoneSimulator.Build.0 = Release|Any CPU
		{505E763B-3574-442A-9FEF-6E3F21AB2013}.Ad-Hoc|iPhoneSimulator.Deploy.0 = Release|Any CPU
		{505E763B-3574-442A-9FEF-6E3F21AB2013}.Ad-Hoc|x64.ActiveCfg = Release|Any CPU
		{505E763B-3574-442A-9FEF-6E3F21AB2013}.Ad-Hoc|x64.Build.0 = Release|Any CPU
		{505E763B-3574-442A-9FEF-6E3F21AB2013}.Ad-Hoc|x64.Deploy.0 = Release|Any CPU
		{505E763B-3574-442A-9FEF-6E3F21AB2013}.Ad-Hoc|x86.ActiveCfg = Release|Any CPU
		{505E763B-3574-442A-9FEF-6E3F21AB2013}.Ad-Hoc|x86.Build.0 = Release|Any CPU
		{505E763B-3574-442A-9FEF-6E3F21AB2013}.Ad-Hoc|x86.Deploy.0 = Release|Any CPU
		{505E763B-3574-442A-9FEF-6E3F21AB2013}.AppStore|Any CPU.ActiveCfg = Release|Any CPU
		{505E763B-3574-442A-9FEF-6E3F21AB2013}.AppStore|Any CPU.Build.0 = Release|Any CPU
		{505E763B-3574-442A-9FEF-6E3F21AB2013}.AppStore|Any CPU.Deploy.0 = Release|Any CPU
		{505E763B-3574-442A-9FEF-6E3F21AB2013}.AppStore|ARM.ActiveCfg = Release|Any CPU
		{505E763B-3574-442A-9FEF-6E3F21AB2013}.AppStore|ARM.Build.0 = Release|Any CPU
		{505E763B-3574-442A-9FEF-6E3F21AB2013}.AppStore|ARM.Deploy.0 = Release|Any CPU
		{505E763B-3574-442A-9FEF-6E3F21AB2013}.AppStore|iPhone.ActiveCfg = Release|Any CPU
		{505E763B-3574-442A-9FEF-6E3F21AB2013}.AppStore|iPhone.Build.0 = Release|Any CPU
		{505E763B-3574-442A-9FEF-6E3F21AB2013}.AppStore|iPhone.Deploy.0 = Release|Any CPU
		{505E763B-3574-442A-9FEF-6E3F21AB2013}.AppStore|iPhoneSimulator.ActiveCfg = Release|Any CPU
		{505E763B-3574-442A-9FEF-6E3F21AB2013}.AppStore|iPhoneSimulator.Build.0 = Release|Any CPU
		{505E763B-3574-442A-9FEF-6E3F21AB2013}.AppStore|iPhoneSimulator.Deploy.0 = Release|Any CPU
		{505E763B-3574-442A-9FEF-6E3F21AB2013}.AppStore|x64.ActiveCfg = Release|Any CPU
		{505E763B-3574-442A-9FEF-6E3F21AB2013}.AppStore|x64.Build.0 = Release|Any CPU
		{505E763B-3574-442A-9FEF-6E3F21AB2013}.AppStore|x64.Deploy.0 = Release|Any CPU
		{505E763B-3574-442A-9FEF-6E3F21AB2013}.AppStore|x86.ActiveCfg = Release|Any CPU
		{505E763B-3574-442A-9FEF-6E3F21AB2013}.AppStore|x86.Build.0 = Release|Any CPU
		{505E763B-3574-442A-9FEF-6E3F21AB2013}.AppStore|x86.Deploy.0 = Release|Any CPU
		{505E763B-3574-442A-9FEF-6E3F21AB2013}.Debug|Any CPU.ActiveCfg = Debug|Any CPU
		{505E763B-3574-442A-9FEF-6E3F21AB2013}.Debug|Any CPU.Build.0 = Debug|Any CPU
		{505E763B-3574-442A-9FEF-6E3F21AB2013}.Debug|Any CPU.Deploy.0 = Debug|Any CPU
		{505E763B-3574-442A-9FEF-6E3F21AB2013}.Debug|ARM.ActiveCfg = Debug|Any CPU
		{505E763B-3574-442A-9FEF-6E3F21AB2013}.Debug|ARM.Build.0 = Debug|Any CPU
		{505E763B-3574-442A-9FEF-6E3F21AB2013}.Debug|ARM.Deploy.0 = Debug|Any CPU
		{505E763B-3574-442A-9FEF-6E3F21AB2013}.Debug|iPhone.ActiveCfg = Debug|Any CPU
		{505E763B-3574-442A-9FEF-6E3F21AB2013}.Debug|iPhone.Build.0 = Debug|Any CPU
		{505E763B-3574-442A-9FEF-6E3F21AB2013}.Debug|iPhone.Deploy.0 = Debug|Any CPU
		{505E763B-3574-442A-9FEF-6E3F21AB2013}.Debug|iPhoneSimulator.ActiveCfg = Debug|Any CPU
		{505E763B-3574-442A-9FEF-6E3F21AB2013}.Debug|iPhoneSimulator.Build.0 = Debug|Any CPU
		{505E763B-3574-442A-9FEF-6E3F21AB2013}.Debug|iPhoneSimulator.Deploy.0 = Debug|Any CPU
		{505E763B-3574-442A-9FEF-6E3F21AB2013}.Debug|x64.ActiveCfg = Debug|Any CPU
		{505E763B-3574-442A-9FEF-6E3F21AB2013}.Debug|x64.Build.0 = Debug|Any CPU
		{505E763B-3574-442A-9FEF-6E3F21AB2013}.Debug|x64.Deploy.0 = Debug|Any CPU
		{505E763B-3574-442A-9FEF-6E3F21AB2013}.Debug|x86.ActiveCfg = Debug|Any CPU
		{505E763B-3574-442A-9FEF-6E3F21AB2013}.Debug|x86.Build.0 = Debug|Any CPU
		{505E763B-3574-442A-9FEF-6E3F21AB2013}.Debug|x86.Deploy.0 = Debug|Any CPU
		{505E763B-3574-442A-9FEF-6E3F21AB2013}.Release|Any CPU.ActiveCfg = Release|Any CPU
		{505E763B-3574-442A-9FEF-6E3F21AB2013}.Release|Any CPU.Build.0 = Release|Any CPU
		{505E763B-3574-442A-9FEF-6E3F21AB2013}.Release|Any CPU.Deploy.0 = Release|Any CPU
		{505E763B-3574-442A-9FEF-6E3F21AB2013}.Release|ARM.ActiveCfg = Release|Any CPU
		{505E763B-3574-442A-9FEF-6E3F21AB2013}.Release|ARM.Build.0 = Release|Any CPU
		{505E763B-3574-442A-9FEF-6E3F21AB2013}.Release|ARM.Deploy.0 = Release|Any CPU
		{505E763B-3574-442A-9FEF-6E3F21AB2013}.Release|iPhone.ActiveCfg = Release|Any CPU
		{505E763B-3574-442A-9FEF-6E3F21AB2013}.Release|iPhone.Build.0 = Release|Any CPU
		{505E763B-3574-442A-9FEF-6E3F21AB2013}.Release|iPhone.Deploy.0 = Release|Any CPU
		{505E763B-3574-442A-9FEF-6E3F21AB2013}.Release|iPhoneSimulator.ActiveCfg = Release|Any CPU
		{505E763B-3574-442A-9FEF-6E3F21AB2013}.Release|iPhoneSimulator.Build.0 = Release|Any CPU
		{505E763B-3574-442A-9FEF-6E3F21AB2013}.Release|iPhoneSimulator.Deploy.0 = Release|Any CPU
		{505E763B-3574-442A-9FEF-6E3F21AB2013}.Release|x64.ActiveCfg = Release|Any CPU
		{505E763B-3574-442A-9FEF-6E3F21AB2013}.Release|x64.Build.0 = Release|Any CPU
		{505E763B-3574-442A-9FEF-6E3F21AB2013}.Release|x64.Deploy.0 = Release|Any CPU
		{505E763B-3574-442A-9FEF-6E3F21AB2013}.Release|x86.ActiveCfg = Release|Any CPU
		{505E763B-3574-442A-9FEF-6E3F21AB2013}.Release|x86.Build.0 = Release|Any CPU
		{505E763B-3574-442A-9FEF-6E3F21AB2013}.Release|x86.Deploy.0 = Release|Any CPU
		{A2525BA9-1C28-43A7-BFDB-1ED6CB407884}.Ad-Hoc|Any CPU.ActiveCfg = Release|Any CPU
		{A2525BA9-1C28-43A7-BFDB-1ED6CB407884}.Ad-Hoc|Any CPU.Build.0 = Release|Any CPU
		{A2525BA9-1C28-43A7-BFDB-1ED6CB407884}.Ad-Hoc|Any CPU.Deploy.0 = Release|Any CPU
		{A2525BA9-1C28-43A7-BFDB-1ED6CB407884}.Ad-Hoc|ARM.ActiveCfg = Release|ARM
		{A2525BA9-1C28-43A7-BFDB-1ED6CB407884}.Ad-Hoc|ARM.Build.0 = Release|ARM
		{A2525BA9-1C28-43A7-BFDB-1ED6CB407884}.Ad-Hoc|ARM.Deploy.0 = Release|ARM
		{A2525BA9-1C28-43A7-BFDB-1ED6CB407884}.Ad-Hoc|iPhone.ActiveCfg = Release|Any CPU
		{A2525BA9-1C28-43A7-BFDB-1ED6CB407884}.Ad-Hoc|iPhone.Build.0 = Release|Any CPU
		{A2525BA9-1C28-43A7-BFDB-1ED6CB407884}.Ad-Hoc|iPhone.Deploy.0 = Release|Any CPU
		{A2525BA9-1C28-43A7-BFDB-1ED6CB407884}.Ad-Hoc|iPhoneSimulator.ActiveCfg = Release|Any CPU
		{A2525BA9-1C28-43A7-BFDB-1ED6CB407884}.Ad-Hoc|iPhoneSimulator.Build.0 = Release|Any CPU
		{A2525BA9-1C28-43A7-BFDB-1ED6CB407884}.Ad-Hoc|iPhoneSimulator.Deploy.0 = Release|Any CPU
		{A2525BA9-1C28-43A7-BFDB-1ED6CB407884}.Ad-Hoc|x64.ActiveCfg = Release|Any CPU
		{A2525BA9-1C28-43A7-BFDB-1ED6CB407884}.Ad-Hoc|x64.Build.0 = Release|Any CPU
		{A2525BA9-1C28-43A7-BFDB-1ED6CB407884}.Ad-Hoc|x64.Deploy.0 = Release|Any CPU
		{A2525BA9-1C28-43A7-BFDB-1ED6CB407884}.Ad-Hoc|x86.ActiveCfg = Release|x86
		{A2525BA9-1C28-43A7-BFDB-1ED6CB407884}.Ad-Hoc|x86.Build.0 = Release|x86
		{A2525BA9-1C28-43A7-BFDB-1ED6CB407884}.Ad-Hoc|x86.Deploy.0 = Release|x86
		{A2525BA9-1C28-43A7-BFDB-1ED6CB407884}.AppStore|Any CPU.ActiveCfg = Release|Any CPU
		{A2525BA9-1C28-43A7-BFDB-1ED6CB407884}.AppStore|Any CPU.Build.0 = Release|Any CPU
		{A2525BA9-1C28-43A7-BFDB-1ED6CB407884}.AppStore|Any CPU.Deploy.0 = Release|Any CPU
		{A2525BA9-1C28-43A7-BFDB-1ED6CB407884}.AppStore|ARM.ActiveCfg = Release|ARM
		{A2525BA9-1C28-43A7-BFDB-1ED6CB407884}.AppStore|ARM.Build.0 = Release|ARM
		{A2525BA9-1C28-43A7-BFDB-1ED6CB407884}.AppStore|ARM.Deploy.0 = Release|ARM
		{A2525BA9-1C28-43A7-BFDB-1ED6CB407884}.AppStore|iPhone.ActiveCfg = Release|Any CPU
		{A2525BA9-1C28-43A7-BFDB-1ED6CB407884}.AppStore|iPhone.Build.0 = Release|Any CPU
		{A2525BA9-1C28-43A7-BFDB-1ED6CB407884}.AppStore|iPhone.Deploy.0 = Release|Any CPU
		{A2525BA9-1C28-43A7-BFDB-1ED6CB407884}.AppStore|iPhoneSimulator.ActiveCfg = Release|Any CPU
		{A2525BA9-1C28-43A7-BFDB-1ED6CB407884}.AppStore|iPhoneSimulator.Build.0 = Release|Any CPU
		{A2525BA9-1C28-43A7-BFDB-1ED6CB407884}.AppStore|iPhoneSimulator.Deploy.0 = Release|Any CPU
		{A2525BA9-1C28-43A7-BFDB-1ED6CB407884}.AppStore|x64.ActiveCfg = Release|Any CPU
		{A2525BA9-1C28-43A7-BFDB-1ED6CB407884}.AppStore|x64.Build.0 = Release|Any CPU
		{A2525BA9-1C28-43A7-BFDB-1ED6CB407884}.AppStore|x64.Deploy.0 = Release|Any CPU
		{A2525BA9-1C28-43A7-BFDB-1ED6CB407884}.AppStore|x86.ActiveCfg = Release|x86
		{A2525BA9-1C28-43A7-BFDB-1ED6CB407884}.AppStore|x86.Build.0 = Release|x86
		{A2525BA9-1C28-43A7-BFDB-1ED6CB407884}.AppStore|x86.Deploy.0 = Release|x86
		{A2525BA9-1C28-43A7-BFDB-1ED6CB407884}.Debug|Any CPU.ActiveCfg = Debug|Any CPU
		{A2525BA9-1C28-43A7-BFDB-1ED6CB407884}.Debug|Any CPU.Build.0 = Debug|Any CPU
		{A2525BA9-1C28-43A7-BFDB-1ED6CB407884}.Debug|Any CPU.Deploy.0 = Debug|Any CPU
		{A2525BA9-1C28-43A7-BFDB-1ED6CB407884}.Debug|ARM.ActiveCfg = Debug|ARM
		{A2525BA9-1C28-43A7-BFDB-1ED6CB407884}.Debug|ARM.Build.0 = Debug|ARM
		{A2525BA9-1C28-43A7-BFDB-1ED6CB407884}.Debug|ARM.Deploy.0 = Debug|ARM
		{A2525BA9-1C28-43A7-BFDB-1ED6CB407884}.Debug|iPhone.ActiveCfg = Debug|Any CPU
		{A2525BA9-1C28-43A7-BFDB-1ED6CB407884}.Debug|iPhone.Build.0 = Debug|Any CPU
		{A2525BA9-1C28-43A7-BFDB-1ED6CB407884}.Debug|iPhone.Deploy.0 = Debug|Any CPU
		{A2525BA9-1C28-43A7-BFDB-1ED6CB407884}.Debug|iPhoneSimulator.ActiveCfg = Debug|Any CPU
		{A2525BA9-1C28-43A7-BFDB-1ED6CB407884}.Debug|iPhoneSimulator.Build.0 = Debug|Any CPU
		{A2525BA9-1C28-43A7-BFDB-1ED6CB407884}.Debug|iPhoneSimulator.Deploy.0 = Debug|Any CPU
		{A2525BA9-1C28-43A7-BFDB-1ED6CB407884}.Debug|x64.ActiveCfg = Debug|Any CPU
		{A2525BA9-1C28-43A7-BFDB-1ED6CB407884}.Debug|x64.Build.0 = Debug|Any CPU
		{A2525BA9-1C28-43A7-BFDB-1ED6CB407884}.Debug|x64.Deploy.0 = Debug|Any CPU
		{A2525BA9-1C28-43A7-BFDB-1ED6CB407884}.Debug|x86.ActiveCfg = Debug|x86
		{A2525BA9-1C28-43A7-BFDB-1ED6CB407884}.Debug|x86.Build.0 = Debug|x86
		{A2525BA9-1C28-43A7-BFDB-1ED6CB407884}.Debug|x86.Deploy.0 = Debug|x86
		{A2525BA9-1C28-43A7-BFDB-1ED6CB407884}.Release|Any CPU.ActiveCfg = Release|Any CPU
		{A2525BA9-1C28-43A7-BFDB-1ED6CB407884}.Release|Any CPU.Build.0 = Release|Any CPU
		{A2525BA9-1C28-43A7-BFDB-1ED6CB407884}.Release|Any CPU.Deploy.0 = Release|Any CPU
		{A2525BA9-1C28-43A7-BFDB-1ED6CB407884}.Release|ARM.ActiveCfg = Release|ARM
		{A2525BA9-1C28-43A7-BFDB-1ED6CB407884}.Release|ARM.Build.0 = Release|ARM
		{A2525BA9-1C28-43A7-BFDB-1ED6CB407884}.Release|ARM.Deploy.0 = Release|ARM
		{A2525BA9-1C28-43A7-BFDB-1ED6CB407884}.Release|iPhone.ActiveCfg = Release|Any CPU
		{A2525BA9-1C28-43A7-BFDB-1ED6CB407884}.Release|iPhone.Build.0 = Release|Any CPU
		{A2525BA9-1C28-43A7-BFDB-1ED6CB407884}.Release|iPhone.Deploy.0 = Release|Any CPU
		{A2525BA9-1C28-43A7-BFDB-1ED6CB407884}.Release|iPhoneSimulator.ActiveCfg = Release|Any CPU
		{A2525BA9-1C28-43A7-BFDB-1ED6CB407884}.Release|iPhoneSimulator.Build.0 = Release|Any CPU
		{A2525BA9-1C28-43A7-BFDB-1ED6CB407884}.Release|iPhoneSimulator.Deploy.0 = Release|Any CPU
		{A2525BA9-1C28-43A7-BFDB-1ED6CB407884}.Release|x64.ActiveCfg = Release|Any CPU
		{A2525BA9-1C28-43A7-BFDB-1ED6CB407884}.Release|x64.Build.0 = Release|Any CPU
		{A2525BA9-1C28-43A7-BFDB-1ED6CB407884}.Release|x64.Deploy.0 = Release|Any CPU
		{A2525BA9-1C28-43A7-BFDB-1ED6CB407884}.Release|x86.ActiveCfg = Release|x86
		{A2525BA9-1C28-43A7-BFDB-1ED6CB407884}.Release|x86.Build.0 = Release|x86
		{A2525BA9-1C28-43A7-BFDB-1ED6CB407884}.Release|x86.Deploy.0 = Release|x86
		{7B88F611-2F05-4D1D-BC70-148C6BCF2C5D}.Ad-Hoc|Any CPU.ActiveCfg = Release|x64
		{7B88F611-2F05-4D1D-BC70-148C6BCF2C5D}.Ad-Hoc|Any CPU.Build.0 = Release|x64
		{7B88F611-2F05-4D1D-BC70-148C6BCF2C5D}.Ad-Hoc|Any CPU.Deploy.0 = Release|x64
		{7B88F611-2F05-4D1D-BC70-148C6BCF2C5D}.Ad-Hoc|ARM.ActiveCfg = Release|ARM
		{7B88F611-2F05-4D1D-BC70-148C6BCF2C5D}.Ad-Hoc|ARM.Build.0 = Release|ARM
		{7B88F611-2F05-4D1D-BC70-148C6BCF2C5D}.Ad-Hoc|ARM.Deploy.0 = Release|ARM
		{7B88F611-2F05-4D1D-BC70-148C6BCF2C5D}.Ad-Hoc|iPhone.ActiveCfg = Release|x64
		{7B88F611-2F05-4D1D-BC70-148C6BCF2C5D}.Ad-Hoc|iPhone.Build.0 = Release|x64
		{7B88F611-2F05-4D1D-BC70-148C6BCF2C5D}.Ad-Hoc|iPhone.Deploy.0 = Release|x64
		{7B88F611-2F05-4D1D-BC70-148C6BCF2C5D}.Ad-Hoc|iPhoneSimulator.ActiveCfg = Release|x64
		{7B88F611-2F05-4D1D-BC70-148C6BCF2C5D}.Ad-Hoc|iPhoneSimulator.Build.0 = Release|x64
		{7B88F611-2F05-4D1D-BC70-148C6BCF2C5D}.Ad-Hoc|iPhoneSimulator.Deploy.0 = Release|x64
		{7B88F611-2F05-4D1D-BC70-148C6BCF2C5D}.Ad-Hoc|x64.ActiveCfg = Release|x64
		{7B88F611-2F05-4D1D-BC70-148C6BCF2C5D}.Ad-Hoc|x64.Build.0 = Release|x64
		{7B88F611-2F05-4D1D-BC70-148C6BCF2C5D}.Ad-Hoc|x64.Deploy.0 = Release|x64
		{7B88F611-2F05-4D1D-BC70-148C6BCF2C5D}.Ad-Hoc|x86.ActiveCfg = Release|x86
		{7B88F611-2F05-4D1D-BC70-148C6BCF2C5D}.Ad-Hoc|x86.Build.0 = Release|x86
		{7B88F611-2F05-4D1D-BC70-148C6BCF2C5D}.Ad-Hoc|x86.Deploy.0 = Release|x86
		{7B88F611-2F05-4D1D-BC70-148C6BCF2C5D}.AppStore|Any CPU.ActiveCfg = Release|x64
		{7B88F611-2F05-4D1D-BC70-148C6BCF2C5D}.AppStore|Any CPU.Build.0 = Release|x64
		{7B88F611-2F05-4D1D-BC70-148C6BCF2C5D}.AppStore|Any CPU.Deploy.0 = Release|x64
		{7B88F611-2F05-4D1D-BC70-148C6BCF2C5D}.AppStore|ARM.ActiveCfg = Release|ARM
		{7B88F611-2F05-4D1D-BC70-148C6BCF2C5D}.AppStore|ARM.Build.0 = Release|ARM
		{7B88F611-2F05-4D1D-BC70-148C6BCF2C5D}.AppStore|ARM.Deploy.0 = Release|ARM
		{7B88F611-2F05-4D1D-BC70-148C6BCF2C5D}.AppStore|iPhone.ActiveCfg = Release|x64
		{7B88F611-2F05-4D1D-BC70-148C6BCF2C5D}.AppStore|iPhone.Build.0 = Release|x64
		{7B88F611-2F05-4D1D-BC70-148C6BCF2C5D}.AppStore|iPhone.Deploy.0 = Release|x64
		{7B88F611-2F05-4D1D-BC70-148C6BCF2C5D}.AppStore|iPhoneSimulator.ActiveCfg = Release|x64
		{7B88F611-2F05-4D1D-BC70-148C6BCF2C5D}.AppStore|iPhoneSimulator.Build.0 = Release|x64
		{7B88F611-2F05-4D1D-BC70-148C6BCF2C5D}.AppStore|iPhoneSimulator.Deploy.0 = Release|x64
		{7B88F611-2F05-4D1D-BC70-148C6BCF2C5D}.AppStore|x64.ActiveCfg = Release|x64
		{7B88F611-2F05-4D1D-BC70-148C6BCF2C5D}.AppStore|x64.Build.0 = Release|x64
		{7B88F611-2F05-4D1D-BC70-148C6BCF2C5D}.AppStore|x64.Deploy.0 = Release|x64
		{7B88F611-2F05-4D1D-BC70-148C6BCF2C5D}.AppStore|x86.ActiveCfg = Release|x86
		{7B88F611-2F05-4D1D-BC70-148C6BCF2C5D}.AppStore|x86.Build.0 = Release|x86
		{7B88F611-2F05-4D1D-BC70-148C6BCF2C5D}.AppStore|x86.Deploy.0 = Release|x86
		{7B88F611-2F05-4D1D-BC70-148C6BCF2C5D}.Debug|Any CPU.ActiveCfg = Debug|x86
		{7B88F611-2F05-4D1D-BC70-148C6BCF2C5D}.Debug|ARM.ActiveCfg = Debug|ARM
		{7B88F611-2F05-4D1D-BC70-148C6BCF2C5D}.Debug|ARM.Build.0 = Debug|ARM
		{7B88F611-2F05-4D1D-BC70-148C6BCF2C5D}.Debug|ARM.Deploy.0 = Debug|ARM
		{7B88F611-2F05-4D1D-BC70-148C6BCF2C5D}.Debug|iPhone.ActiveCfg = Debug|x86
		{7B88F611-2F05-4D1D-BC70-148C6BCF2C5D}.Debug|iPhoneSimulator.ActiveCfg = Debug|x86
		{7B88F611-2F05-4D1D-BC70-148C6BCF2C5D}.Debug|x64.ActiveCfg = Debug|x64
		{7B88F611-2F05-4D1D-BC70-148C6BCF2C5D}.Debug|x64.Build.0 = Debug|x64
		{7B88F611-2F05-4D1D-BC70-148C6BCF2C5D}.Debug|x64.Deploy.0 = Debug|x64
		{7B88F611-2F05-4D1D-BC70-148C6BCF2C5D}.Debug|x86.ActiveCfg = Debug|x86
		{7B88F611-2F05-4D1D-BC70-148C6BCF2C5D}.Debug|x86.Build.0 = Debug|x86
		{7B88F611-2F05-4D1D-BC70-148C6BCF2C5D}.Debug|x86.Deploy.0 = Debug|x86
		{7B88F611-2F05-4D1D-BC70-148C6BCF2C5D}.Release|Any CPU.ActiveCfg = Release|x86
		{7B88F611-2F05-4D1D-BC70-148C6BCF2C5D}.Release|ARM.ActiveCfg = Release|ARM
		{7B88F611-2F05-4D1D-BC70-148C6BCF2C5D}.Release|ARM.Build.0 = Release|ARM
		{7B88F611-2F05-4D1D-BC70-148C6BCF2C5D}.Release|ARM.Deploy.0 = Release|ARM
		{7B88F611-2F05-4D1D-BC70-148C6BCF2C5D}.Release|iPhone.ActiveCfg = Release|x86
		{7B88F611-2F05-4D1D-BC70-148C6BCF2C5D}.Release|iPhoneSimulator.ActiveCfg = Release|x86
		{7B88F611-2F05-4D1D-BC70-148C6BCF2C5D}.Release|x64.ActiveCfg = Release|x64
		{7B88F611-2F05-4D1D-BC70-148C6BCF2C5D}.Release|x64.Build.0 = Release|x64
		{7B88F611-2F05-4D1D-BC70-148C6BCF2C5D}.Release|x64.Deploy.0 = Release|x64
		{7B88F611-2F05-4D1D-BC70-148C6BCF2C5D}.Release|x86.ActiveCfg = Release|x86
		{7B88F611-2F05-4D1D-BC70-148C6BCF2C5D}.Release|x86.Build.0 = Release|x86
		{7B88F611-2F05-4D1D-BC70-148C6BCF2C5D}.Release|x86.Deploy.0 = Release|x86
	EndGlobalSection
	GlobalSection(SolutionProperties) = preSolution
		HideSolutionNode = FALSE
	EndGlobalSection
EndGlobal
