
Microsoft Visual Studio Solution File, Format Version 12.00
# Visual Studio 14
VisualStudioVersion = 14.0.24720.0
MinimumVisualStudioVersion = 10.0.40219.1
Project("{FAE04EC0-301F-11D3-BF4B-00C04F79EFBC}") = "Xamarin.AndroidWear.MessagingDemo", "Xamarin.AndroidWear.MessagingDemo\Xamarin.AndroidWear.MessagingDemo.csproj", "{494E6DC7-083E-4E8C-B416-EDA9FF89C59D}"
EndProject
Project("{FAE04EC0-301F-11D3-BF4B-00C04F79EFBC}") = "Xamarin.AndroidWear.MessagingDemo.Wear", "Xamarin.AndroidWear.MessagingDemo.Wear\Xamarin.AndroidWear.MessagingDemo.Wear.csproj", "{45058527-1AF9-4E92-AF88-6F95820B0C93}"
EndProject
Global
	GlobalSection(SolutionConfigurationPlatforms) = preSolution
		Debug|Any CPU = Debug|Any CPU
		Release|Any CPU = Release|Any CPU
	EndGlobalSection
	GlobalSection(ProjectConfigurationPlatforms) = postSolution
		{494E6DC7-083E-4E8C-B416-EDA9FF89C59D}.Debug|Any CPU.ActiveCfg = Debug|Any CPU
		{494E6DC7-083E-4E8C-B416-EDA9FF89C59D}.Debug|Any CPU.Build.0 = Debug|Any CPU
		{494E6DC7-083E-4E8C-B416-EDA9FF89C59D}.Debug|Any CPU.Deploy.0 = Debug|Any CPU
		{494E6DC7-083E-4E8C-B416-EDA9FF89C59D}.Release|Any CPU.ActiveCfg = Release|Any CPU
		{494E6DC7-083E-4E8C-B416-EDA9FF89C59D}.Release|Any CPU.Build.0 = Release|Any CPU
		{494E6DC7-083E-4E8C-B416-EDA9FF89C59D}.Release|Any CPU.Deploy.0 = Release|Any CPU
		{45058527-1AF9-4E92-AF88-6F95820B0C93}.Debug|Any CPU.ActiveCfg = Debug|Any CPU
		{45058527-1AF9-4E92-AF88-6F95820B0C93}.Debug|Any CPU.Build.0 = Debug|Any CPU
		{45058527-1AF9-4E92-AF88-6F95820B0C93}.Debug|Any CPU.Deploy.0 = Debug|Any CPU
		{45058527-1AF9-4E92-AF88-6F95820B0C93}.Release|Any CPU.ActiveCfg = Release|Any CPU
		{45058527-1AF9-4E92-AF88-6F95820B0C93}.Release|Any CPU.Build.0 = Release|Any CPU
		{45058527-1AF9-4E92-AF88-6F95820B0C93}.Release|Any CPU.Deploy.0 = Release|Any CPU
	EndGlobalSection
	GlobalSection(SolutionProperties) = preSolution
		HideSolutionNode = FALSE
	EndGlobalSection
EndGlobal
